PODS:
  - ColorMaskingButton (0.1.0)
  - PocketSVG (0.7)

DEPENDENCIES:
  - ColorMaskingButton (from `../`)
  - PocketSVG

EXTERNAL SOURCES:
  ColorMaskingButton:
    :path: "../"

SPEC CHECKSUMS:
  ColorMaskingButton: 4adb01502ca61257bad038ce3541f8842c0a712a
  PocketSVG: e05e6b008c6232d7b6410bb1ff34db71957b776d

PODFILE CHECKSUM: 1229f6900739892c39c1542f2dace873d63ad2a4

COCOAPODS: 1.2.1
